
Microsoft Visual Studio Solution File, Format Version 12.00
# Visual Studio Version 16
VisualStudioVersion = 16.0.29201.188
MinimumVisualStudioVersion = 10.0.40219.1
Project("{FAE04EC0-301F-11D3-BF4B-00C04F79EFBC}") = "CGWRailwayCustomizations", "CGWRailwayCustomizations\CGWRailwayCustomizations.csproj", "{BE4D897A-FE5C-442B-86FF-7079C70B296D}"
EndProject
Global
	GlobalSection(SolutionConfigurationPlatforms) = preSolution
		Debug|Any CPU = Debug|Any CPU
		Release|Any CPU = Release|Any CPU
	EndGlobalSection
	GlobalSection(ProjectConfigurationPlatforms) = postSolution
		{BE4D897A-FE5C-442B-86FF-7079C70B296D}.Debug|Any CPU.ActiveCfg = Debug|Any CPU
		{BE4D897A-FE5C-442B-86FF-7079C70B296D}.Debug|Any CPU.Build.0 = Debug|Any CPU
		{BE4D897A-FE5C-442B-86FF-7079C70B296D}.Release|Any CPU.ActiveCfg = Release|Any CPU
		{BE4D897A-FE5C-442B-86FF-7079C70B296D}.Release|Any CPU.Build.0 = Release|Any CPU
	EndGlobalSection
	GlobalSection(SolutionProperties) = preSolution
		HideSolutionNode = FALSE
	EndGlobalSection
	GlobalSection(ExtensibilityGlobals) = postSolution
		SolutionGuid = {A781AF59-183E-42E3-9258-7CDCBBC35981}
	EndGlobalSection
EndGlobal
